// !$*UTF8*$!
{
	archiveVersion = 1;
	classes = {
	};
	objectVersion = 56;
	objects = {

/* Begin PBXBuildFile section */
		9B7A5A46293EB1D40081334A /* advent_of_code_2022App.swift in Sources */ = {isa = PBXBuildFile; fileRef = 9B7A5A45293EB1D40081334A /* advent_of_code_2022App.swift */; };
		9B7A5A48293EB1D40081334A /* ContentView.swift in Sources */ = {isa = PBXBuildFile; fileRef = 9B7A5A47293EB1D40081334A /* ContentView.swift */; };
		9B7A5A4A293EB1D50081334A /* Assets.xcassets in Resources */ = {isa = PBXBuildFile; fileRef = 9B7A5A49293EB1D50081334A /* Assets.xcassets */; };
		9B7A5A4E293EB1D50081334A /* Preview Assets.xcassets in Resources */ = {isa = PBXBuildFile; fileRef = 9B7A5A4D293EB1D50081334A /* Preview Assets.xcassets */; };
		9B7A5A58293EB1D60081334A /* advent_of_code_2022Tests.swift in Sources */ = {isa = PBXBuildFile; fileRef = 9B7A5A57293EB1D60081334A /* advent_of_code_2022Tests.swift */; };
		9B7A5A62293EB1D60081334A /* advent_of_code_2022UITests.swift in Sources */ = {isa = PBXBuildFile; fileRef = 9B7A5A61293EB1D60081334A /* advent_of_code_2022UITests.swift */; };
		9B7A5A64293EB1D60081334A /* advent_of_code_2022UITestsLaunchTests.swift in Sources */ = {isa = PBXBuildFile; fileRef = 9B7A5A63293EB1D60081334A /* advent_of_code_2022UITestsLaunchTests.swift */; };
		9B7A5A72293EB2110081334A /* calorie-counting.txt in Resources */ = {isa = PBXBuildFile; fileRef = 9B7A5A71293EB2110081334A /* calorie-counting.txt */; };
		9B7A5A75293EB2350081334A /* Files.swift in Sources */ = {isa = PBXBuildFile; fileRef = 9B7A5A74293EB2350081334A /* Files.swift */; };
		9B7A5A78293EB44F0081334A /* Elves.swift in Sources */ = {isa = PBXBuildFile; fileRef = 9B7A5A77293EB44F0081334A /* Elves.swift */; };
		9B7A5A7A293EB94B0081334A /* rock-paper-scissors.txt in Resources */ = {isa = PBXBuildFile; fileRef = 9B7A5A79293EB94B0081334A /* rock-paper-scissors.txt */; };
		9B7A5A7C293EB9A40081334A /* RPS.swift in Sources */ = {isa = PBXBuildFile; fileRef = 9B7A5A7B293EB9A40081334A /* RPS.swift */; };
		9B7A5A7E293EBFC40081334A /* Rucksack.swift in Sources */ = {isa = PBXBuildFile; fileRef = 9B7A5A7D293EBFC40081334A /* Rucksack.swift */; };
		9B7A5A80293EC0EA0081334A /* rucksacks.txt in Resources */ = {isa = PBXBuildFile; fileRef = 9B7A5A7F293EC0EA0081334A /* rucksacks.txt */; };
/* End PBXBuildFile section */

/* Begin PBXContainerItemProxy section */
		9B7A5A54293EB1D60081334A /* PBXContainerItemProxy */ = {
			isa = PBXContainerItemProxy;
			containerPortal = 9B7A5A3A293EB1D40081334A /* Project object */;
			proxyType = 1;
			remoteGlobalIDString = 9B7A5A41293EB1D40081334A;
			remoteInfo = "advent-of-code-2022";
		};
		9B7A5A5E293EB1D60081334A /* PBXContainerItemProxy */ = {
			isa = PBXContainerItemProxy;
			containerPortal = 9B7A5A3A293EB1D40081334A /* Project object */;
			proxyType = 1;
			remoteGlobalIDString = 9B7A5A41293EB1D40081334A;
			remoteInfo = "advent-of-code-2022";
		};
/* End PBXContainerItemProxy section */

/* Begin PBXFileReference section */
		9B7A5A42293EB1D40081334A /* advent-of-code-2022.app */ = {isa = PBXFileReference; explicitFileType = wrapper.application; includeInIndex = 0; path = "advent-of-code-2022.app"; sourceTree = BUILT_PRODUCTS_DIR; };
		9B7A5A45293EB1D40081334A /* advent_of_code_2022App.swift */ = {isa = PBXFileReference; lastKnownFileType = sourcecode.swift; path = advent_of_code_2022App.swift; sourceTree = "<group>"; };
		9B7A5A47293EB1D40081334A /* ContentView.swift */ = {isa = PBXFileReference; lastKnownFileType = sourcecode.swift; path = ContentView.swift; sourceTree = "<group>"; };
		9B7A5A49293EB1D50081334A /* Assets.xcassets */ = {isa = PBXFileReference; lastKnownFileType = folder.assetcatalog; path = Assets.xcassets; sourceTree = "<group>"; };
		9B7A5A4B293EB1D50081334A /* advent_of_code_2022.entitlements */ = {isa = PBXFileReference; lastKnownFileType = text.plist.entitlements; path = advent_of_code_2022.entitlements; sourceTree = "<group>"; };
		9B7A5A4D293EB1D50081334A /* Preview Assets.xcassets */ = {isa = PBXFileReference; lastKnownFileType = folder.assetcatalog; path = "Preview Assets.xcassets"; sourceTree = "<group>"; };
		9B7A5A53293EB1D60081334A /* advent-of-code-2022Tests.xctest */ = {isa = PBXFileReference; explicitFileType = wrapper.cfbundle; includeInIndex = 0; path = "advent-of-code-2022Tests.xctest"; sourceTree = BUILT_PRODUCTS_DIR; };
		9B7A5A57293EB1D60081334A /* advent_of_code_2022Tests.swift */ = {isa = PBXFileReference; lastKnownFileType = sourcecode.swift; path = advent_of_code_2022Tests.swift; sourceTree = "<group>"; };
		9B7A5A5D293EB1D60081334A /* advent-of-code-2022UITests.xctest */ = {isa = PBXFileReference; explicitFileType = wrapper.cfbundle; includeInIndex = 0; path = "advent-of-code-2022UITests.xctest"; sourceTree = BUILT_PRODUCTS_DIR; };
		9B7A5A61293EB1D60081334A /* advent_of_code_2022UITests.swift */ = {isa = PBXFileReference; lastKnownFileType = sourcecode.swift; path = advent_of_code_2022UITests.swift; sourceTree = "<group>"; };
		9B7A5A63293EB1D60081334A /* advent_of_code_2022UITestsLaunchTests.swift */ = {isa = PBXFileReference; lastKnownFileType = sourcecode.swift; path = advent_of_code_2022UITestsLaunchTests.swift; sourceTree = "<group>"; };
		9B7A5A71293EB2110081334A /* calorie-counting.txt */ = {isa = PBXFileReference; lastKnownFileType = text; path = "calorie-counting.txt"; sourceTree = "<group>"; };
		9B7A5A74293EB2350081334A /* Files.swift */ = {isa = PBXFileReference; lastKnownFileType = sourcecode.swift; path = Files.swift; sourceTree = "<group>"; };
		9B7A5A77293EB44F0081334A /* Elves.swift */ = {isa = PBXFileReference; lastKnownFileType = sourcecode.swift; path = Elves.swift; sourceTree = "<group>"; };
		9B7A5A79293EB94B0081334A /* rock-paper-scissors.txt */ = {isa = PBXFileReference; lastKnownFileType = text; path = "rock-paper-scissors.txt"; sourceTree = "<group>"; };
		9B7A5A7B293EB9A40081334A /* RPS.swift */ = {isa = PBXFileReference; lastKnownFileType = sourcecode.swift; path = RPS.swift; sourceTree = "<group>"; };
		9B7A5A7D293EBFC40081334A /* Rucksack.swift */ = {isa = PBXFileReference; lastKnownFileType = sourcecode.swift; path = Rucksack.swift; sourceTree = "<group>"; };
		9B7A5A7F293EC0EA0081334A /* rucksacks.txt */ = {isa = PBXFileReference; lastKnownFileType = text; path = rucksacks.txt; sourceTree = "<group>"; };
/* End PBXFileReference section */

/* Begin PBXFrameworksBuildPhase section */
		9B7A5A3F293EB1D40081334A /* Frameworks */ = {
			isa = PBXFrameworksBuildPhase;
			buildActionMask = 2147483647;
			files = (
			);
			runOnlyForDeploymentPostprocessing = 0;
		};
		9B7A5A50293EB1D60081334A /* Frameworks */ = {
			isa = PBXFrameworksBuildPhase;
			buildActionMask = 2147483647;
			files = (
			);
			runOnlyForDeploymentPostprocessing = 0;
		};
		9B7A5A5A293EB1D60081334A /* Frameworks */ = {
			isa = PBXFrameworksBuildPhase;
			buildActionMask = 2147483647;
			files = (
			);
			runOnlyForDeploymentPostprocessing = 0;
		};
/* End PBXFrameworksBuildPhase section */

/* Begin PBXGroup section */
		9B7A5A39293EB1D40081334A = {
			isa = PBXGroup;
			children = (
				9B7A5A44293EB1D40081334A /* advent-of-code-2022 */,
				9B7A5A56293EB1D60081334A /* advent-of-code-2022Tests */,
				9B7A5A60293EB1D60081334A /* advent-of-code-2022UITests */,
				9B7A5A43293EB1D40081334A /* Products */,
			);
			sourceTree = "<group>";
		};
		9B7A5A43293EB1D40081334A /* Products */ = {
			isa = PBXGroup;
			children = (
				9B7A5A42293EB1D40081334A /* advent-of-code-2022.app */,
				9B7A5A53293EB1D60081334A /* advent-of-code-2022Tests.xctest */,
				9B7A5A5D293EB1D60081334A /* advent-of-code-2022UITests.xctest */,
			);
			name = Products;
			sourceTree = "<group>";
		};
		9B7A5A44293EB1D40081334A /* advent-of-code-2022 */ = {
			isa = PBXGroup;
			children = (
				9B7A5A76293EB43F0081334A /* data */,
				9B7A5A73293EB2230081334A /* helpers */,
				9B7A5A70293EB1F80081334A /* puzzle_input */,
				9B7A5A45293EB1D40081334A /* advent_of_code_2022App.swift */,
				9B7A5A47293EB1D40081334A /* ContentView.swift */,
				9B7A5A49293EB1D50081334A /* Assets.xcassets */,
				9B7A5A4B293EB1D50081334A /* advent_of_code_2022.entitlements */,
				9B7A5A4C293EB1D50081334A /* Preview Content */,
			);
			path = "advent-of-code-2022";
			sourceTree = "<group>";
		};
		9B7A5A4C293EB1D50081334A /* Preview Content */ = {
			isa = PBXGroup;
			children = (
				9B7A5A4D293EB1D50081334A /* Preview Assets.xcassets */,
			);
			path = "Preview Content";
			sourceTree = "<group>";
		};
		9B7A5A56293EB1D60081334A /* advent-of-code-2022Tests */ = {
			isa = PBXGroup;
			children = (
				9B7A5A57293EB1D60081334A /* advent_of_code_2022Tests.swift */,
			);
			path = "advent-of-code-2022Tests";
			sourceTree = "<group>";
		};
		9B7A5A60293EB1D60081334A /* advent-of-code-2022UITests */ = {
			isa = PBXGroup;
			children = (
				9B7A5A61293EB1D60081334A /* advent_of_code_2022UITests.swift */,
				9B7A5A63293EB1D60081334A /* advent_of_code_2022UITestsLaunchTests.swift */,
			);
			path = "advent-of-code-2022UITests";
			sourceTree = "<group>";
		};
		9B7A5A70293EB1F80081334A /* puzzle_input */ = {
			isa = PBXGroup;
			children = (
				9B7A5A71293EB2110081334A /* calorie-counting.txt */,
				9B7A5A79293EB94B0081334A /* rock-paper-scissors.txt */,
				9B7A5A7F293EC0EA0081334A /* rucksacks.txt */,
			);
			path = puzzle_input;
			sourceTree = "<group>";
		};
		9B7A5A73293EB2230081334A /* helpers */ = {
			isa = PBXGroup;
			children = (
				9B7A5A74293EB2350081334A /* Files.swift */,
			);
			path = helpers;
			sourceTree = "<group>";
		};
		9B7A5A76293EB43F0081334A /* data */ = {
			isa = PBXGroup;
			children = (
				9B7A5A77293EB44F0081334A /* Elves.swift */,
				9B7A5A7B293EB9A40081334A /* RPS.swift */,
				9B7A5A7D293EBFC40081334A /* Rucksack.swift */,
			);
			path = data;
			sourceTree = "<group>";
		};
/* End PBXGroup section */

/* Begin PBXNativeTarget section */
		9B7A5A41293EB1D40081334A /* advent-of-code-2022 */ = {
			isa = PBXNativeTarget;
			buildConfigurationList = 9B7A5A67293EB1D60081334A /* Build configuration list for PBXNativeTarget "advent-of-code-2022" */;
			buildPhases = (
				9B7A5A3E293EB1D40081334A /* Sources */,
				9B7A5A3F293EB1D40081334A /* Frameworks */,
				9B7A5A40293EB1D40081334A /* Resources */,
			);
			buildRules = (
			);
			dependencies = (
			);
			name = "advent-of-code-2022";
			productName = "advent-of-code-2022";
			productReference = 9B7A5A42293EB1D40081334A /* advent-of-code-2022.app */;
			productType = "com.apple.product-type.application";
		};
		9B7A5A52293EB1D60081334A /* advent-of-code-2022Tests */ = {
			isa = PBXNativeTarget;
			buildConfigurationList = 9B7A5A6A293EB1D60081334A /* Build configuration list for PBXNativeTarget "advent-of-code-2022Tests" */;
			buildPhases = (
				9B7A5A4F293EB1D60081334A /* Sources */,
				9B7A5A50293EB1D60081334A /* Frameworks */,
				9B7A5A51293EB1D60081334A /* Resources */,
			);
			buildRules = (
			);
			dependencies = (
				9B7A5A55293EB1D60081334A /* PBXTargetDependency */,
			);
			name = "advent-of-code-2022Tests";
			productName = "advent-of-code-2022Tests";
			productReference = 9B7A5A53293EB1D60081334A /* advent-of-code-2022Tests.xctest */;
			productType = "com.apple.product-type.bundle.unit-test";
		};
		9B7A5A5C293EB1D60081334A /* advent-of-code-2022UITests */ = {
			isa = PBXNativeTarget;
			buildConfigurationList = 9B7A5A6D293EB1D60081334A /* Build configuration list for PBXNativeTarget "advent-of-code-2022UITests" */;
			buildPhases = (
				9B7A5A59293EB1D60081334A /* Sources */,
				9B7A5A5A293EB1D60081334A /* Frameworks */,
				9B7A5A5B293EB1D60081334A /* Resources */,
			);
			buildRules = (
			);
			dependencies = (
				9B7A5A5F293EB1D60081334A /* PBXTargetDependency */,
			);
			name = "advent-of-code-2022UITests";
			productName = "advent-of-code-2022UITests";
			productReference = 9B7A5A5D293EB1D60081334A /* advent-of-code-2022UITests.xctest */;
			productType = "com.apple.product-type.bundle.ui-testing";
		};
/* End PBXNativeTarget section */

/* Begin PBXProject section */
		9B7A5A3A293EB1D40081334A /* Project object */ = {
			isa = PBXProject;
			attributes = {
				BuildIndependentTargetsInParallel = 1;
				LastSwiftUpdateCheck = 1410;
				LastUpgradeCheck = 1410;
				TargetAttributes = {
					9B7A5A41293EB1D40081334A = {
						CreatedOnToolsVersion = 14.1;
					};
					9B7A5A52293EB1D60081334A = {
						CreatedOnToolsVersion = 14.1;
						TestTargetID = 9B7A5A41293EB1D40081334A;
					};
					9B7A5A5C293EB1D60081334A = {
						CreatedOnToolsVersion = 14.1;
						TestTargetID = 9B7A5A41293EB1D40081334A;
					};
				};
			};
			buildConfigurationList = 9B7A5A3D293EB1D40081334A /* Build configuration list for PBXProject "advent-of-code-2022" */;
			compatibilityVersion = "Xcode 14.0";
			developmentRegion = en;
			hasScannedForEncodings = 0;
			knownRegions = (
				en,
				Base,
			);
			mainGroup = 9B7A5A39293EB1D40081334A;
			productRefGroup = 9B7A5A43293EB1D40081334A /* Products */;
			projectDirPath = "";
			projectRoot = "";
			targets = (
				9B7A5A41293EB1D40081334A /* advent-of-code-2022 */,
				9B7A5A52293EB1D60081334A /* advent-of-code-2022Tests */,
				9B7A5A5C293EB1D60081334A /* advent-of-code-2022UITests */,
			);
		};
/* End PBXProject section */

/* Begin PBXResourcesBuildPhase section */
		9B7A5A40293EB1D40081334A /* Resources */ = {
			isa = PBXResourcesBuildPhase;
			buildActionMask = 2147483647;
			files = (
				9B7A5A4E293EB1D50081334A /* Preview Assets.xcassets in Resources */,
				9B7A5A4A293EB1D50081334A /* Assets.xcassets in Resources */,
				9B7A5A72293EB2110081334A /* calorie-counting.txt in Resources */,
				9B7A5A80293EC0EA0081334A /* rucksacks.txt in Resources */,
				9B7A5A7A293EB94B0081334A /* rock-paper-scissors.txt in Resources */,
			);
			runOnlyForDeploymentPostprocessing = 0;
		};
		9B7A5A51293EB1D60081334A /* Resources */ = {
			isa = PBXResourcesBuildPhase;
			buildActionMask = 2147483647;
			files = (
			);
			runOnlyForDeploymentPostprocessing = 0;
		};
		9B7A5A5B293EB1D60081334A /* Resources */ = {
			isa = PBXResourcesBuildPhase;
			buildActionMask = 2147483647;
			files = (
			);
			runOnlyForDeploymentPostprocessing = 0;
		};
/* End PBXResourcesBuildPhase section */

/* Begin PBXSourcesBuildPhase section */
		9B7A5A3E293EB1D40081334A /* Sources */ = {
			isa = PBXSourcesBuildPhase;
			buildActionMask = 2147483647;
			files = (
				9B7A5A48293EB1D40081334A /* ContentView.swift in Sources */,
				9B7A5A78293EB44F0081334A /* Elves.swift in Sources */,
				9B7A5A7E293EBFC40081334A /* Rucksack.swift in Sources */,
				9B7A5A46293EB1D40081334A /* advent_of_code_2022App.swift in Sources */,
				9B7A5A75293EB2350081334A /* Files.swift in Sources */,
				9B7A5A7C293EB9A40081334A /* RPS.swift in Sources */,
			);
			runOnlyForDeploymentPostprocessing = 0;
		};
		9B7A5A4F293EB1D60081334A /* Sources */ = {
			isa = PBXSourcesBuildPhase;
			buildActionMask = 2147483647;
			files = (
				9B7A5A58293EB1D60081334A /* advent_of_code_2022Tests.swift in Sources */,
			);
			runOnlyForDeploymentPostprocessing = 0;
		};
		9B7A5A59293EB1D60081334A /* Sources */ = {
			isa = PBXSourcesBuildPhase;
			buildActionMask = 2147483647;
			files = (
				9B7A5A64293EB1D60081334A /* advent_of_code_2022UITestsLaunchTests.swift in Sources */,
				9B7A5A62293EB1D60081334A /* advent_of_code_2022UITests.swift in Sources */,
			);
			runOnlyForDeploymentPostprocessing = 0;
		};
/* End PBXSourcesBuildPhase section */

/* Begin PBXTargetDependency section */
		9B7A5A55293EB1D60081334A /* PBXTargetDependency */ = {
			isa = PBXTargetDependency;
			target = 9B7A5A41293EB1D40081334A /* advent-of-code-2022 */;
			targetProxy = 9B7A5A54293EB1D60081334A /* PBXContainerItemProxy */;
		};
		9B7A5A5F293EB1D60081334A /* PBXTargetDependency */ = {
			isa = PBXTargetDependency;
			target = 9B7A5A41293EB1D40081334A /* advent-of-code-2022 */;
			targetProxy = 9B7A5A5E293EB1D60081334A /* PBXContainerItemProxy */;
		};
/* End PBXTargetDependency section */

/* Begin XCBuildConfiguration section */
		9B7A5A65293EB1D60081334A /* Debug */ = {
			isa = XCBuildConfiguration;
			buildSettings = {
				ALWAYS_SEARCH_USER_PATHS = NO;
				CLANG_ANALYZER_NONNULL = YES;
				CLANG_ANALYZER_NUMBER_OBJECT_CONVERSION = YES_AGGRESSIVE;
				CLANG_CXX_LANGUAGE_STANDARD = "gnu++20";
				CLANG_ENABLE_MODULES = YES;
				CLANG_ENABLE_OBJC_ARC = YES;
				CLANG_ENABLE_OBJC_WEAK = YES;
				CLANG_WARN_BLOCK_CAPTURE_AUTORELEASING = YES;
				CLANG_WARN_BOOL_CONVERSION = YES;
				CLANG_WARN_COMMA = YES;
				CLANG_WARN_CONSTANT_CONVERSION = YES;
				CLANG_WARN_DEPRECATED_OBJC_IMPLEMENTATIONS = YES;
				CLANG_WARN_DIRECT_OBJC_ISA_USAGE = YES_ERROR;
				CLANG_WARN_DOCUMENTATION_COMMENTS = YES;
				CLANG_WARN_EMPTY_BODY = YES;
				CLANG_WARN_ENUM_CONVERSION = YES;
				CLANG_WARN_INFINITE_RECURSION = YES;
				CLANG_WARN_INT_CONVERSION = YES;
				CLANG_WARN_NON_LITERAL_NULL_CONVERSION = YES;
				CLANG_WARN_OBJC_IMPLICIT_RETAIN_SELF = YES;
				CLANG_WARN_OBJC_LITERAL_CONVERSION = YES;
				CLANG_WARN_OBJC_ROOT_CLASS = YES_ERROR;
				CLANG_WARN_QUOTED_INCLUDE_IN_FRAMEWORK_HEADER = YES;
				CLANG_WARN_RANGE_LOOP_ANALYSIS = YES;
				CLANG_WARN_STRICT_PROTOTYPES = YES;
				CLANG_WARN_SUSPICIOUS_MOVE = YES;
				CLANG_WARN_UNGUARDED_AVAILABILITY = YES_AGGRESSIVE;
				CLANG_WARN_UNREACHABLE_CODE = YES;
				CLANG_WARN__DUPLICATE_METHOD_MATCH = YES;
				COPY_PHASE_STRIP = NO;
				DEBUG_INFORMATION_FORMAT = dwarf;
				ENABLE_STRICT_OBJC_MSGSEND = YES;
				ENABLE_TESTABILITY = YES;
				GCC_C_LANGUAGE_STANDARD = gnu11;
				GCC_DYNAMIC_NO_PIC = NO;
				GCC_NO_COMMON_BLOCKS = YES;
				GCC_OPTIMIZATION_LEVEL = 0;
				GCC_PREPROCESSOR_DEFINITIONS = (
					"DEBUG=1",
					"$(inherited)",
				);
				GCC_WARN_64_TO_32_BIT_CONVERSION = YES;
				GCC_WARN_ABOUT_RETURN_TYPE = YES_ERROR;
				GCC_WARN_UNDECLARED_SELECTOR = YES;
				GCC_WARN_UNINITIALIZED_AUTOS = YES_AGGRESSIVE;
				GCC_WARN_UNUSED_FUNCTION = YES;
				GCC_WARN_UNUSED_VARIABLE = YES;
				MTL_ENABLE_DEBUG_INFO = INCLUDE_SOURCE;
				MTL_FAST_MATH = YES;
				ONLY_ACTIVE_ARCH = YES;
				SWIFT_ACTIVE_COMPILATION_CONDITIONS = DEBUG;
				SWIFT_OPTIMIZATION_LEVEL = "-Onone";
			};
			name = Debug;
		};
		9B7A5A66293EB1D60081334A /* Release */ = {
			isa = XCBuildConfiguration;
			buildSettings = {
				ALWAYS_SEARCH_USER_PATHS = NO;
				CLANG_ANALYZER_NONNULL = YES;
				CLANG_ANALYZER_NUMBER_OBJECT_CONVERSION = YES_AGGRESSIVE;
				CLANG_CXX_LANGUAGE_STANDARD = "gnu++20";
				CLANG_ENABLE_MODULES = YES;
				CLANG_ENABLE_OBJC_ARC = YES;
				CLANG_ENABLE_OBJC_WEAK = YES;
				CLANG_WARN_BLOCK_CAPTURE_AUTORELEASING = YES;
				CLANG_WARN_BOOL_CONVERSION = YES;
				CLANG_WARN_COMMA = YES;
				CLANG_WARN_CONSTANT_CONVERSION = YES;
				CLANG_WARN_DEPRECATED_OBJC_IMPLEMENTATIONS = YES;
				CLANG_WARN_DIRECT_OBJC_ISA_USAGE = YES_ERROR;
				CLANG_WARN_DOCUMENTATION_COMMENTS = YES;
				CLANG_WARN_EMPTY_BODY = YES;
				CLANG_WARN_ENUM_CONVERSION = YES;
				CLANG_WARN_INFINITE_RECURSION = YES;
				CLANG_WARN_INT_CONVERSION = YES;
				CLANG_WARN_NON_LITERAL_NULL_CONVERSION = YES;
				CLANG_WARN_OBJC_IMPLICIT_RETAIN_SELF = YES;
				CLANG_WARN_OBJC_LITERAL_CONVERSION = YES;
				CLANG_WARN_OBJC_ROOT_CLASS = YES_ERROR;
				CLANG_WARN_QUOTED_INCLUDE_IN_FRAMEWORK_HEADER = YES;
				CLANG_WARN_RANGE_LOOP_ANALYSIS = YES;
				CLANG_WARN_STRICT_PROTOTYPES = YES;
				CLANG_WARN_SUSPICIOUS_MOVE = YES;
				CLANG_WARN_UNGUARDED_AVAILABILITY = YES_AGGRESSIVE;
				CLANG_WARN_UNREACHABLE_CODE = YES;
				CLANG_WARN__DUPLICATE_METHOD_MATCH = YES;
				COPY_PHASE_STRIP = NO;
				DEBUG_INFORMATION_FORMAT = "dwarf-with-dsym";
				ENABLE_NS_ASSERTIONS = NO;
				ENABLE_STRICT_OBJC_MSGSEND = YES;
				GCC_C_LANGUAGE_STANDARD = gnu11;
				GCC_NO_COMMON_BLOCKS = YES;
				GCC_WARN_64_TO_32_BIT_CONVERSION = YES;
				GCC_WARN_ABOUT_RETURN_TYPE = YES_ERROR;
				GCC_WARN_UNDECLARED_SELECTOR = YES;
				GCC_WARN_UNINITIALIZED_AUTOS = YES_AGGRESSIVE;
				GCC_WARN_UNUSED_FUNCTION = YES;
				GCC_WARN_UNUSED_VARIABLE = YES;
				MTL_ENABLE_DEBUG_INFO = NO;
				MTL_FAST_MATH = YES;
				SWIFT_COMPILATION_MODE = wholemodule;
				SWIFT_OPTIMIZATION_LEVEL = "-O";
			};
			name = Release;
		};
		9B7A5A68293EB1D60081334A /* Debug */ = {
			isa = XCBuildConfiguration;
			buildSettings = {
				ASSETCATALOG_COMPILER_APPICON_NAME = AppIcon;
				ASSETCATALOG_COMPILER_GLOBAL_ACCENT_COLOR_NAME = AccentColor;
				CODE_SIGN_ENTITLEMENTS = "advent-of-code-2022/advent_of_code_2022.entitlements";
				CODE_SIGN_STYLE = Automatic;
				CURRENT_PROJECT_VERSION = 1;
				DEVELOPMENT_ASSET_PATHS = "\"advent-of-code-2022/Preview Content\"";
				DEVELOPMENT_TEAM = 96SB47X67B;
				ENABLE_HARDENED_RUNTIME = YES;
				ENABLE_PREVIEWS = YES;
				GENERATE_INFOPLIST_FILE = YES;
				"INFOPLIST_KEY_UIApplicationSceneManifest_Generation[sdk=iphoneos*]" = YES;
				"INFOPLIST_KEY_UIApplicationSceneManifest_Generation[sdk=iphonesimulator*]" = YES;
				"INFOPLIST_KEY_UIApplicationSupportsIndirectInputEvents[sdk=iphoneos*]" = YES;
				"INFOPLIST_KEY_UIApplicationSupportsIndirectInputEvents[sdk=iphonesimulator*]" = YES;
				"INFOPLIST_KEY_UILaunchScreen_Generation[sdk=iphoneos*]" = YES;
				"INFOPLIST_KEY_UILaunchScreen_Generation[sdk=iphonesimulator*]" = YES;
				"INFOPLIST_KEY_UIStatusBarStyle[sdk=iphoneos*]" = UIStatusBarStyleDefault;
				"INFOPLIST_KEY_UIStatusBarStyle[sdk=iphonesimulator*]" = UIStatusBarStyleDefault;
				INFOPLIST_KEY_UISupportedInterfaceOrientations_iPad = "UIInterfaceOrientationPortrait UIInterfaceOrientationPortraitUpsideDown UIInterfaceOrientationLandscapeLeft UIInterfaceOrientationLandscapeRight";
				INFOPLIST_KEY_UISupportedInterfaceOrientations_iPhone = "UIInterfaceOrientationPortrait UIInterfaceOrientationLandscapeLeft UIInterfaceOrientationLandscapeRight";
				IPHONEOS_DEPLOYMENT_TARGET = 16.1;
				LD_RUNPATH_SEARCH_PATHS = "@executable_path/Frameworks";
				"LD_RUNPATH_SEARCH_PATHS[sdk=macosx*]" = "@executable_path/../Frameworks";
				MACOSX_DEPLOYMENT_TARGET = 12.6;
				MARKETING_VERSION = 1.0;
				PRODUCT_BUNDLE_IDENTIFIER = "com.michaelcraun.advent-of-code-2022";
				PRODUCT_NAME = "$(TARGET_NAME)";
				SDKROOT = auto;
				SUPPORTED_PLATFORMS = "iphoneos iphonesimulator macosx";
				SWIFT_EMIT_LOC_STRINGS = YES;
				SWIFT_VERSION = 5.0;
				TARGETED_DEVICE_FAMILY = "1,2";
			};
			name = Debug;
		};
		9B7A5A69293EB1D60081334A /* Release */ = {
			isa = XCBuildConfiguration;
			buildSettings = {
				ASSETCATALOG_COMPILER_APPICON_NAME = AppIcon;
				ASSETCATALOG_COMPILER_GLOBAL_ACCENT_COLOR_NAME = AccentColor;
				CODE_SIGN_ENTITLEMENTS = "advent-of-code-2022/advent_of_code_2022.entitlements";
				CODE_SIGN_STYLE = Automatic;
				CURRENT_PROJECT_VERSION = 1;
				DEVELOPMENT_ASSET_PATHS = "\"advent-of-code-2022/Preview Content\"";
				DEVELOPMENT_TEAM = 96SB47X67B;
				ENABLE_HARDENED_RUNTIME = YES;
				ENABLE_PREVIEWS = YES;
				GENERATE_INFOPLIST_FILE = YES;
				"INFOPLIST_KEY_UIApplicationSceneManifest_Generation[sdk=iphoneos*]" = YES;
				"INFOPLIST_KEY_UIApplicationSceneManifest_Generation[sdk=iphonesimulator*]" = YES;
				"INFOPLIST_KEY_UIApplicationSupportsIndirectInputEvents[sdk=iphoneos*]" = YES;
				"INFOPLIST_KEY_UIApplicationSupportsIndirectInputEvents[sdk=iphonesimulator*]" = YES;
				"INFOPLIST_KEY_UILaunchScreen_Generation[sdk=iphoneos*]" = YES;
				"INFOPLIST_KEY_UILaunchScreen_Generation[sdk=iphonesimulator*]" = YES;
				"INFOPLIST_KEY_UIStatusBarStyle[sdk=iphoneos*]" = UIStatusBarStyleDefault;
				"INFOPLIST_KEY_UIStatusBarStyle[sdk=iphonesimulator*]" = UIStatusBarStyleDefault;
				INFOPLIST_KEY_UISupportedInterfaceOrientations_iPad = "UIInterfaceOrientationPortrait UIInterfaceOrientationPortraitUpsideDown UIInterfaceOrientationLandscapeLeft UIInterfaceOrientationLandscapeRight";
				INFOPLIST_KEY_UISupportedInterfaceOrientations_iPhone = "UIInterfaceOrientationPortrait UIInterfaceOrientationLandscapeLeft UIInterfaceOrientationLandscapeRight";
				IPHONEOS_DEPLOYMENT_TARGET = 16.1;
				LD_RUNPATH_SEARCH_PATHS = "@executable_path/Frameworks";
				"LD_RUNPATH_SEARCH_PATHS[sdk=macosx*]" = "@executable_path/../Frameworks";
				MACOSX_DEPLOYMENT_TARGET = 12.6;
				MARKETING_VERSION = 1.0;
				PRODUCT_BUNDLE_IDENTIFIER = "com.michaelcraun.advent-of-code-2022";
				PRODUCT_NAME = "$(TARGET_NAME)";
				SDKROOT = auto;
				SUPPORTED_PLATFORMS = "iphoneos iphonesimulator macosx";
				SWIFT_EMIT_LOC_STRINGS = YES;
				SWIFT_VERSION = 5.0;
				TARGETED_DEVICE_FAMILY = "1,2";
			};
			name = Release;
		};
		9B7A5A6B293EB1D60081334A /* Debug */ = {
			isa = XCBuildConfiguration;
			buildSettings = {
				ALWAYS_EMBED_SWIFT_STANDARD_LIBRARIES = YES;
				BUNDLE_LOADER = "$(TEST_HOST)";
				CODE_SIGN_STYLE = Automatic;
				CURRENT_PROJECT_VERSION = 1;
				DEVELOPMENT_TEAM = 96SB47X67B;
				GENERATE_INFOPLIST_FILE = YES;
				IPHONEOS_DEPLOYMENT_TARGET = 16.1;
				MACOSX_DEPLOYMENT_TARGET = 12.6;
				MARKETING_VERSION = 1.0;
				PRODUCT_BUNDLE_IDENTIFIER = "com.michaelcraun.advent-of-code-2022Tests";
				PRODUCT_NAME = "$(TARGET_NAME)";
				SDKROOT = auto;
				SUPPORTED_PLATFORMS = "iphoneos iphonesimulator macosx";
				SWIFT_EMIT_LOC_STRINGS = NO;
				SWIFT_VERSION = 5.0;
				TARGETED_DEVICE_FAMILY = "1,2";
				TEST_HOST = "$(BUILT_PRODUCTS_DIR)/advent-of-code-2022.app/$(BUNDLE_EXECUTABLE_FOLDER_PATH)/advent-of-code-2022";
			};
			name = Debug;
		};
		9B7A5A6C293EB1D60081334A /* Release */ = {
			isa = XCBuildConfiguration;
			buildSettings = {
				ALWAYS_EMBED_SWIFT_STANDARD_LIBRARIES = YES;
				BUNDLE_LOADER = "$(TEST_HOST)";
				CODE_SIGN_STYLE = Automatic;
				CURRENT_PROJECT_VERSION = 1;
				DEVELOPMENT_TEAM = 96SB47X67B;
				GENERATE_INFOPLIST_FILE = YES;
				IPHONEOS_DEPLOYMENT_TARGET = 16.1;
				MACOSX_DEPLOYMENT_TARGET = 12.6;
				MARKETING_VERSION = 1.0;
				PRODUCT_BUNDLE_IDENTIFIER = "com.michaelcraun.advent-of-code-2022Tests";
				PRODUCT_NAME = "$(TARGET_NAME)";
				SDKROOT = auto;
				SUPPORTED_PLATFORMS = "iphoneos iphonesimulator macosx";
				SWIFT_EMIT_LOC_STRINGS = NO;
				SWIFT_VERSION = 5.0;
				TARGETED_DEVICE_FAMILY = "1,2";
				TEST_HOST = "$(BUILT_PRODUCTS_DIR)/advent-of-code-2022.app/$(BUNDLE_EXECUTABLE_FOLDER_PATH)/advent-of-code-2022";
			};
			name = Release;
		};
		9B7A5A6E293EB1D60081334A /* Debug */ = {
			isa = XCBuildConfiguration;
			buildSettings = {
				ALWAYS_EMBED_SWIFT_STANDARD_LIBRARIES = YES;
				CODE_SIGN_STYLE = Automatic;
				CURRENT_PROJECT_VERSION = 1;
				DEVELOPMENT_TEAM = 96SB47X67B;
				GENERATE_INFOPLIST_FILE = YES;
				IPHONEOS_DEPLOYMENT_TARGET = 16.1;
				MACOSX_DEPLOYMENT_TARGET = 12.6;
				MARKETING_VERSION = 1.0;
				PRODUCT_BUNDLE_IDENTIFIER = "com.michaelcraun.advent-of-code-2022UITests";
				PRODUCT_NAME = "$(TARGET_NAME)";
				SDKROOT = auto;
				SUPPORTED_PLATFORMS = "iphoneos iphonesimulator macosx";
				SWIFT_EMIT_LOC_STRINGS = NO;
				SWIFT_VERSION = 5.0;
				TARGETED_DEVICE_FAMILY = "1,2";
				TEST_TARGET_NAME = "advent-of-code-2022";
			};
			name = Debug;
		};
		9B7A5A6F293EB1D60081334A /* Release */ = {
			isa = XCBuildConfiguration;
			buildSettings = {
				ALWAYS_EMBED_SWIFT_STANDARD_LIBRARIES = YES;
				CODE_SIGN_STYLE = Automatic;
				CURRENT_PROJECT_VERSION = 1;
				DEVELOPMENT_TEAM = 96SB47X67B;
				GENERATE_INFOPLIST_FILE = YES;
				IPHONEOS_DEPLOYMENT_TARGET = 16.1;
				MACOSX_DEPLOYMENT_TARGET = 12.6;
				MARKETING_VERSION = 1.0;
				PRODUCT_BUNDLE_IDENTIFIER = "com.michaelcraun.advent-of-code-2022UITests";
				PRODUCT_NAME = "$(TARGET_NAME)";
				SDKROOT = auto;
				SUPPORTED_PLATFORMS = "iphoneos iphonesimulator macosx";
				SWIFT_EMIT_LOC_STRINGS = NO;
				SWIFT_VERSION = 5.0;
				TARGETED_DEVICE_FAMILY = "1,2";
				TEST_TARGET_NAME = "advent-of-code-2022";
			};
			name = Release;
		};
/* End XCBuildConfiguration section */

/* Begin XCConfigurationList section */
		9B7A5A3D293EB1D40081334A /* Build configuration list for PBXProject "advent-of-code-2022" */ = {
			isa = XCConfigurationList;
			buildConfigurations = (
				9B7A5A65293EB1D60081334A /* Debug */,
				9B7A5A66293EB1D60081334A /* Release */,
			);
			defaultConfigurationIsVisible = 0;
			defaultConfigurationName = Release;
		};
		9B7A5A67293EB1D60081334A /* Build configuration list for PBXNativeTarget "advent-of-code-2022" */ = {
			isa = XCConfigurationList;
			buildConfigurations = (
				9B7A5A68293EB1D60081334A /* Debug */,
				9B7A5A69293EB1D60081334A /* Release */,
			);
			defaultConfigurationIsVisible = 0;
			defaultConfigurationName = Release;
		};
		9B7A5A6A293EB1D60081334A /* Build configuration list for PBXNativeTarget "advent-of-code-2022Tests" */ = {
			isa = XCConfigurationList;
			buildConfigurations = (
				9B7A5A6B293EB1D60081334A /* Debug */,
				9B7A5A6C293EB1D60081334A /* Release */,
			);
			defaultConfigurationIsVisible = 0;
			defaultConfigurationName = Release;
		};
		9B7A5A6D293EB1D60081334A /* Build configuration list for PBXNativeTarget "advent-of-code-2022UITests" */ = {
			isa = XCConfigurationList;
			buildConfigurations = (
				9B7A5A6E293EB1D60081334A /* Debug */,
				9B7A5A6F293EB1D60081334A /* Release */,
			);
			defaultConfigurationIsVisible = 0;
			defaultConfigurationName = Release;
		};
/* End XCConfigurationList section */
	};
	rootObject = 9B7A5A3A293EB1D40081334A /* Project object */;
}
